github.com/gorilla/mux v1.7.1 h1:Dw4jY2nghMMRsh1ol8dv1axHkDwMQK2DHerMNJsIpJU=
github.com/gorilla/mux v1.7.1/go.mod h1:1lud6UwP+6orDFRuTfBEV8e9/aOM/c4fVVCaMa2zaAs=
github.com/mattn/go-sqlite3 v1.10.0 h1:jbhqpg7tQe4SupckyijYiy0mJJ/pRyHvXf7JdWK860o=
github.com/mattn/go-sqlite3 v1.10.0/go.mod h1:FPy6KqzDD04eiIsT53CuJW3U88zkxoIYsOqkbpncsNc=
github.com/miun173/go-reactjs v0.0.0-20190420003434-7a665abf3c46 h1:BGKPgYoG/itfec5UwY1as1RwtpEz8fjkmbKSU0+A+00=
github.com/miun173/go-reactjs v0.0.0-20190420003434-7a665abf3c46/go.mod h1:mZeDZPNmerrSyz0EalAkD1RYLVnL9p0EgRgjeHAido0=
